<?xml version="1.0" encoding="utf-8"?>
<Project ToolsVersion="4.0" xmlns="http://schemas.microsoft.com/developer/msbuild/2003">
  <ItemGroup>
    <Filter Include="Source Files">
      <UniqueIdentifier>{4FC737F1-C7A5-4376-A066-2A32D752A2FF}</UniqueIdentifier>
      <Extensions>cpp;c;cc;cxx;def;odl;idl;hpj;bat;asm;asmx</Extensions>
    </Filter>
    <Filter Include="Resource Files">
      <UniqueIdentifier>{67DA6AB6-F800-4c08-8B7A-83BB121AAD01}</UniqueIdentifier>
      <Extensions>rc;ico;cur;bmp;dlg;rc2;rct;bin;rgs;gif;jpg;jpeg;jpe;resx;tiff;tif;png;wav;mfcribbon-ms</Extensions>
    </Filter>
    <Filter Include="platform">
      <UniqueIdentifier>{fe59155e-14ee-4b7c-8b46-797988f6f520}</UniqueIdentifier>
    </Filter>
    <Filter Include="LearnSDF">
      <UniqueIdentifier>{9551bc31-ef70-45f0-a6c0-ef83c3e54af2}</UniqueIdentifier>
    </Filter>
  </ItemGroup>
  <ItemGroup>
    <ClCompile Include="main.cpp">
      <Filter>Source Files</Filter>
    </ClCompile>
    <ClCompile Include="LearnSDF\LearnSDFApp.cpp">
      <Filter>LearnSDF</Filter>
    </ClCompile>
    <ClCompile Include="LearnSDF\Mesh.cpp">
      <Filter>LearnSDF</Filter>
    </ClCompile>
    <ClCompile Include="LearnSDF\D3DImage.cpp">
      <Filter>LearnSDF</Filter>
    </ClCompile>
  </ItemGroup>
  <ItemGroup>
    <ClInclude Include="platform\PlatformConfig.h">
      <Filter>platform</Filter>
    </ClInclude>
    <ClInclude Include="LearnSDF\LearnSDFApp.h">
      <Filter>LearnSDF</Filter>
    </ClInclude>
    <ClInclude Include="LearnSDF\Mesh.h">
      <Filter>LearnSDF</Filter>
    </ClInclude>
    <ClInclude Include="LearnSDF\D3DImage.h">
      <Filter>LearnSDF</Filter>
    </ClInclude>
  </ItemGroup>
  <ItemGroup>
    <FxCompile Include="LearnSDF\shader\common.hlsl">
      <Filter>Resource Files</Filter>
    </FxCompile>
    <FxCompile Include="LearnSDF\shader\basepass.hlsl">
      <Filter>Resource Files</Filter>
    </FxCompile>
    <FxCompile Include="LearnSDF\shader\SSAO.hlsl">
      <Filter>Resource Files</Filter>
    </FxCompile>
    <FxCompile Include="LearnSDF\shader\Blur.hlsl">
      <Filter>Resource Files</Filter>
    </FxCompile>
    <FxCompile Include="LearnSDF\shader\DeferredLighting.hlsl">
      <Filter>Resource Files</Filter>
    </FxCompile>
    <FxCompile Include="LearnSDF\shader\LightingUtil.hlsl">
      <Filter>Resource Files</Filter>
    </FxCompile>
    <FxCompile Include="LearnSDF\shader\PBRLighting.hlsl">
      <Filter>Resource Files</Filter>
    </FxCompile>
    <FxCompile Include="LearnSDF\shader\SDFShared.hlsl">
      <Filter>Resource Files</Filter>
    </FxCompile>
    <FxCompile Include="LearnSDF\shader\Shadows.hlsl">
      <Filter>Resource Files</Filter>
    </FxCompile>
    <FxCompile Include="LearnSDF\shader\PostProcess.hlsl">
      <Filter>Resource Files</Filter>
    </FxCompile>
    <FxCompile Include="LearnSDF\shader\IntegrationTex3D.hlsl">
      <Filter>Resource Files</Filter>
    </FxCompile>
  </ItemGroup>
</Project>